hash: 628e1977da74404c9fd15f8eec853c3bb684de93f89a38d59bd49d3ce29370ac
updated: 2018-07-11T13:35:42.875906437+03:00
imports:
- name: cloud.google.com/go
  version: 21a9387fc271acc55dae83f64504f452adf837d5
  subpackages:
  - compute/metadata
- name: github.com/golang/protobuf
  version: 0cb4f732569330e7b40d8fcee91c41aafaaddc4f
  subpackages:
  - proto
- name: github.com/maki5/authboss
  version: b68d468ae0a0f64e0ecd2f48596c8b352babd28a
  subpackages:
  - internal/mocks
- name: github.com/pkg/errors
  version: 816c9085562cd7ee03e7f8188a1cfd942858cded
- name: github.com/volatiletech/authboss
  version: 807a692e26133ee29f9ddc1729896edc2ae8820f
- name: golang.org/x/crypto
  version: a49355c7e3f8fe157a85be2f77e6e269a0f89602
  subpackages:
  - bcrypt
  - blowfish
- name: golang.org/x/net
  version: 039a4258aec0ad3c79b905677cceeab13b296a77
  subpackages:
  - context
  - context/ctxhttp
- name: golang.org/x/oauth2
  version: ef147856a6ddbb60760db74283d2424e98c87bff
  subpackages:
  - facebook
  - google
  - internal
  - jws
  - jwt
- name: google.golang.org/appengine
  version: b1f26356af11148e710935ed1ac8a7f5702c7612
  subpackages:
  - internal
  - internal/app_identity
  - internal/base
  - internal/datastore
  - internal/log
  - internal/modules
  - internal/remote_api
  - internal/urlfetch
  - urlfetch
testImports:
- name: github.com/davecgh/go-spew
  version: 8991bc29aa16c548c550c7ff78260e27b9ab7c73
  subpackages:
  - spew
